// !$*UTF8*$!
{
	archiveVersion = 1;
	classes = {
	};
	objectVersion = 46;
	objects = {

/* Begin PBXBuildFile section */
		6A00B30C1ADA0045003860B3 /* AppDelegate.swift in Sources */ = {isa = PBXBuildFile; fileRef = 6A00B30B1ADA0045003860B3 /* AppDelegate.swift */; };
		6A00B30E1ADA0045003860B3 /* ViewController.swift in Sources */ = {isa = PBXBuildFile; fileRef = 6A00B30D1ADA0045003860B3 /* ViewController.swift */; };
		6A00B3111ADA0045003860B3 /* Main.storyboard in Resources */ = {isa = PBXBuildFile; fileRef = 6A00B30F1ADA0045003860B3 /* Main.storyboard */; };
		6A00B3131ADA0045003860B3 /* Images.xcassets in Resources */ = {isa = PBXBuildFile; fileRef = 6A00B3121ADA0045003860B3 /* Images.xcassets */; };
		6A00B3161ADA0045003860B3 /* LaunchScreen.xib in Resources */ = {isa = PBXBuildFile; fileRef = 6A00B3141ADA0045003860B3 /* LaunchScreen.xib */; };
		6A00B3221ADA0045003860B3 /* TipstrTests.swift in Sources */ = {isa = PBXBuildFile; fileRef = 6A00B3211ADA0045003860B3 /* TipstrTests.swift */; };
/* End PBXBuildFile section */

/* Begin PBXContainerItemProxy section */
		6A00B31C1ADA0045003860B3 /* PBXContainerItemProxy */ = {
			isa = PBXContainerItemProxy;
			containerPortal = 6A00B2FE1ADA0044003860B3 /* Project object */;
			proxyType = 1;
			remoteGlobalIDString = 6A00B3051ADA0044003860B3;
			remoteInfo = Tipstr;
		};
/* End PBXContainerItemProxy section */

/* Begin PBXFileReference section */
		6A00B3061ADA0044003860B3 /* Tipstr.app */ = {isa = PBXFileReference; explicitFileType = wrapper.application; includeInIndex = 0; path = Tipstr.app; sourceTree = BUILT_PRODUCTS_DIR; };
		6A00B30A1ADA0045003860B3 /* Info.plist */ = {isa = PBXFileReference; lastKnownFileType = text.plist.xml; path = Info.plist; sourceTree = "<group>"; };
		6A00B30B1ADA0045003860B3 /* AppDelegate.swift */ = {isa = PBXFileReference; lastKnownFileType = sourcecode.swift; path = AppDelegate.swift; sourceTree = "<group>"; };
		6A00B30D1ADA0045003860B3 /* ViewController.swift */ = {isa = PBXFileReference; lastKnownFileType = sourcecode.swift; path = ViewController.swift; sourceTree = "<group>"; };
		6A00B3101ADA0045003860B3 /* Base */ = {isa = PBXFileReference; lastKnownFileType = file.storyboard; name = Base; path = Base.lproj/Main.storyboard; sourceTree = "<group>"; };
		6A00B3121ADA0045003860B3 /* Images.xcassets */ = {isa = PBXFileReference; lastKnownFileType = folder.assetcatalog; path = Images.xcassets; sourceTree = "<group>"; };
		6A00B3151ADA0045003860B3 /* Base */ = {isa = PBXFileReference; lastKnownFileType = file.xib; name = Base; path = Base.lproj/LaunchScreen.xib; sourceTree = "<group>"; };
		6A00B31B1ADA0045003860B3 /* TipstrTests.xctest */ = {isa = PBXFileReference; explicitFileType = wrapper.cfbundle; includeInIndex = 0; path = TipstrTests.xctest; sourceTree = BUILT_PRODUCTS_DIR; };
		6A00B3201ADA0045003860B3 /* Info.plist */ = {isa = PBXFileReference; lastKnownFileType = text.plist.xml; path = Info.plist; sourceTree = "<group>"; };
		6A00B3211ADA0045003860B3 /* TipstrTests.swift */ = {isa = PBXFileReference; lastKnownFileType = sourcecode.swift; path = TipstrTests.swift; sourceTree = "<group>"; };
/* End PBXFileReference section */

/* Begin PBXFrameworksBuildPhase section */
		6A00B3031ADA0044003860B3 /* Frameworks */ = {
			isa = PBXFrameworksBuildPhase;
			buildActionMask = 2147483647;
			files = (
			);
			runOnlyForDeploymentPostprocessing = 0;
		};
		6A00B3181ADA0045003860B3 /* Frameworks */ = {
			isa = PBXFrameworksBuildPhase;
			buildActionMask = 2147483647;
			files = (
			);
			runOnlyForDeploymentPostprocessing = 0;
		};
/* End PBXFrameworksBuildPhase section */

/* Begin PBXGroup section */
		6A00B2FD1ADA0044003860B3 = {
			isa = PBXGroup;
			children = (
				6A00B3081ADA0044003860B3 /* Tipstr */,
				6A00B31E1ADA0045003860B3 /* TipstrTests */,
				6A00B3071ADA0044003860B3 /* Products */,
			);
			sourceTree = "<group>";
		};
		6A00B3071ADA0044003860B3 /* Products */ = {
			isa = PBXGroup;
			children = (
				6A00B3061ADA0044003860B3 /* Tipstr.app */,
				6A00B31B1ADA0045003860B3 /* TipstrTests.xctest */,
			);
			name = Products;
			sourceTree = "<group>";
		};
		6A00B3081ADA0044003860B3 /* Tipstr */ = {
			isa = PBXGroup;
			children = (
				6A00B30B1ADA0045003860B3 /* AppDelegate.swift */,
				6A00B30D1ADA0045003860B3 /* ViewController.swift */,
				6A00B30F1ADA0045003860B3 /* Main.storyboard */,
				6A00B3121ADA0045003860B3 /* Images.xcassets */,
				6A00B3141ADA0045003860B3 /* LaunchScreen.xib */,
				6A00B3091ADA0044003860B3 /* Supporting Files */,
			);
			path = Tipstr;
			sourceTree = "<group>";
		};
		6A00B3091ADA0044003860B3 /* Supporting Files */ = {
			isa = PBXGroup;
			children = (
				6A00B30A1ADA0045003860B3 /* Info.plist */,
			);
			name = "Supporting Files";
			sourceTree = "<group>";
		};
		6A00B31E1ADA0045003860B3 /* TipstrTests */ = {
			isa = PBXGroup;
			children = (
				6A00B3211ADA0045003860B3 /* TipstrTests.swift */,
				6A00B31F1ADA0045003860B3 /* Supporting Files */,
			);
			path = TipstrTests;
			sourceTree = "<group>";
		};
		6A00B31F1ADA0045003860B3 /* Supporting Files */ = {
			isa = PBXGroup;
			children = (
				6A00B3201ADA0045003860B3 /* Info.plist */,
			);
			name = "Supporting Files";
			sourceTree = "<group>";
		};
/* End PBXGroup section */

/* Begin PBXNativeTarget section */
		6A00B3051ADA0044003860B3 /* Tipstr */ = {
			isa = PBXNativeTarget;
			buildConfigurationList = 6A00B3251ADA0045003860B3 /* Build configuration list for PBXNativeTarget "Tipstr" */;
			buildPhases = (
				6A00B3021ADA0044003860B3 /* Sources */,
				6A00B3031ADA0044003860B3 /* Frameworks */,
				6A00B3041ADA0044003860B3 /* Resources */,
			);
			buildRules = (
			);
			dependencies = (
			);
			name = Tipstr;
			productName = Tipstr;
			productReference = 6A00B3061ADA0044003860B3 /* Tipstr.app */;
			productType = "com.apple.product-type.application";
		};
		6A00B31A1ADA0045003860B3 /* TipstrTests */ = {
			isa = PBXNativeTarget;
			buildConfigurationList = 6A00B3281ADA0045003860B3 /* Build configuration list for PBXNativeTarget "TipstrTests" */;
			buildPhases = (
				6A00B3171ADA0045003860B3 /* Sources */,
				6A00B3181ADA0045003860B3 /* Frameworks */,
				6A00B3191ADA0045003860B3 /* Resources */,
			);
			buildRules = (
			);
			dependencies = (
				6A00B31D1ADA0045003860B3 /* PBXTargetDependency */,
			);
			name = TipstrTests;
			productName = TipstrTests;
			productReference = 6A00B31B1ADA0045003860B3 /* TipstrTests.xctest */;
			productType = "com.apple.product-type.bundle.unit-test";
		};
/* End PBXNativeTarget section */

/* Begin PBXProject section */
		6A00B2FE1ADA0044003860B3 /* Project object */ = {
			isa = PBXProject;
			attributes = {
				LastUpgradeCheck = 0630;
				ORGANIZATIONNAME = "Arthur Law";
				TargetAttributes = {
					6A00B3051ADA0044003860B3 = {
						CreatedOnToolsVersion = 6.3;
					};
					6A00B31A1ADA0045003860B3 = {
						CreatedOnToolsVersion = 6.3;
						TestTargetID = 6A00B3051ADA0044003860B3;
					};
				};
			};
			buildConfigurationList = 6A00B3011ADA0044003860B3 /* Build configuration list for PBXProject "Tipstr" */;
			compatibilityVersion = "Xcode 3.2";
			developmentRegion = English;
			hasScannedForEncodings = 0;
			knownRegions = (
				en,
				Base,
			);
			mainGroup = 6A00B2FD1ADA0044003860B3;
			productRefGroup = 6A00B3071ADA0044003860B3 /* Products */;
			projectDirPath = "";
			projectRoot = "";
			targets = (
				6A00B3051ADA0044003860B3 /* Tipstr */,
				6A00B31A1ADA0045003860B3 /* TipstrTests */,
			);
		};
/* End PBXProject section */

/* Begin PBXResourcesBuildPhase section */
		6A00B3041ADA0044003860B3 /* Resources */ = {
			isa = PBXResourcesBuildPhase;
			buildActionMask = 2147483647;
			files = (
				6A00B3111ADA0045003860B3 /* Main.storyboard in Resources */,
				6A00B3161ADA0045003860B3 /* LaunchScreen.xib in Resources */,
				6A00B3131ADA0045003860B3 /* Images.xcassets in Resources */,
			);
			runOnlyForDeploymentPostprocessing = 0;
		};
		6A00B3191ADA0045003860B3 /* Resources */ = {
			isa = PBXResourcesBuildPhase;
			buildActionMask = 2147483647;
			files = (
			);
			runOnlyForDeploymentPostprocessing = 0;
		};
/* End PBXResourcesBuildPhase section */

/* Begin PBXSourcesBuildPhase section */
		6A00B3021ADA0044003860B3 /* Sources */ = {
			isa = PBXSourcesBuildPhase;
			buildActionMask = 2147483647;
			files = (
				6A00B30E1ADA0045003860B3 /* ViewController.swift in Sources */,
				6A00B30C1ADA0045003860B3 /* AppDelegate.swift in Sources */,
			);
			runOnlyForDeploymentPostprocessing = 0;
		};
		6A00B3171ADA0045003860B3 /* Sources */ = {
			isa = PBXSourcesBuildPhase;
			buildActionMask = 2147483647;
			files = (
				6A00B3221ADA0045003860B3 /* TipstrTests.swift in Sources */,
			);
			runOnlyForDeploymentPostprocessing = 0;
		};
/* End PBXSourcesBuildPhase section */

/* Begin PBXTargetDependency section */
		6A00B31D1ADA0045003860B3 /* PBXTargetDependency */ = {
			isa = PBXTargetDependency;
			target = 6A00B3051ADA0044003860B3 /* Tipstr */;
			targetProxy = 6A00B31C1ADA0045003860B3 /* PBXContainerItemProxy */;
		};
/* End PBXTargetDependency section */

/* Begin PBXVariantGroup section */
		6A00B30F1ADA0045003860B3 /* Main.storyboard */ = {
			isa = PBXVariantGroup;
			children = (
				6A00B3101ADA0045003860B3 /* Base */,
			);
			name = Main.storyboard;
			sourceTree = "<group>";
		};
		6A00B3141ADA0045003860B3 /* LaunchScreen.xib */ = {
			isa = PBXVariantGroup;
			children = (
				6A00B3151ADA0045003860B3 /* Base */,
			);
			name = LaunchScreen.xib;
			sourceTree = "<group>";
		};
/* End PBXVariantGroup section */

/* Begin XCBuildConfiguration section */
		6A00B3231ADA0045003860B3 /* Debug */ = {
			isa = XCBuildConfiguration;
			buildSettings = {
				ALWAYS_SEARCH_USER_PATHS = NO;
				CLANG_CXX_LANGUAGE_STANDARD = "gnu++0x";
				CLANG_CXX_LIBRARY = "libc++";
				CLANG_ENABLE_MODULES = YES;
				CLANG_ENABLE_OBJC_ARC = YES;
				CLANG_WARN_BOOL_CONVERSION = YES;
				CLANG_WARN_CONSTANT_CONVERSION = YES;
				CLANG_WARN_DIRECT_OBJC_ISA_USAGE = YES_ERROR;
				CLANG_WARN_EMPTY_BODY = YES;
				CLANG_WARN_ENUM_CONVERSION = YES;
				CLANG_WARN_INT_CONVERSION = YES;
				CLANG_WARN_OBJC_ROOT_CLASS = YES_ERROR;
				CLANG_WARN_UNREACHABLE_CODE = YES;
				CLANG_WARN__DUPLICATE_METHOD_MATCH = YES;
				"CODE_SIGN_IDENTITY[sdk=iphoneos*]" = "iPhone Developer";
				COPY_PHASE_STRIP = NO;
				DEBUG_INFORMATION_FORMAT = "dwarf-with-dsym";
				ENABLE_STRICT_OBJC_MSGSEND = YES;
				GCC_C_LANGUAGE_STANDARD = gnu99;
				GCC_DYNAMIC_NO_PIC = NO;
				GCC_NO_COMMON_BLOCKS = YES;
				GCC_OPTIMIZATION_LEVEL = 0;
				GCC_PREPROCESSOR_DEFINITIONS = (
					"DEBUG=1",
					"$(inherited)",
				);
				GCC_SYMBOLS_PRIVATE_EXTERN = NO;
				GCC_WARN_64_TO_32_BIT_CONVERSION = YES;
				GCC_WARN_ABOUT_RETURN_TYPE = YES_ERROR;
				GCC_WARN_UNDECLARED_SELECTOR = YES;
				GCC_WARN_UNINITIALIZED_AUTOS = YES_AGGRESSIVE;
				GCC_WARN_UNUSED_FUNCTION = YES;
				GCC_WARN_UNUSED_VARIABLE = YES;
				IPHONEOS_DEPLOYMENT_TARGET = 8.3;
				MTL_ENABLE_DEBUG_INFO = YES;
				ONLY_ACTIVE_ARCH = YES;
				SDKROOT = iphoneos;
				SWIFT_OPTIMIZATION_LEVEL = "-Onone";
			};
			name = Debug;
		};
		6A00B3241ADA0045003860B3 /* Release */ = {
			isa = XCBuildConfiguration;
			buildSettings = {
				ALWAYS_SEARCH_USER_PATHS = NO;
				CLANG_CXX_LANGUAGE_STANDARD = "gnu++0x";
				CLANG_CXX_LIBRARY = "libc++";
				CLANG_ENABLE_MODULES = YES;
				CLANG_ENABLE_OBJC_ARC = YES;
				CLANG_WARN_BOOL_CONVERSION = YES;
				CLANG_WARN_CONSTANT_CONVERSION = YES;
				CLANG_WARN_DIRECT_OBJC_ISA_USAGE = YES_ERROR;
				CLANG_WARN_EMPTY_BODY = YES;
				CLANG_WARN_ENUM_CONVERSION = YES;
				CLANG_WARN_INT_CONVERSION = YES;
				CLANG_WARN_OBJC_ROOT_CLASS = YES_ERROR;
				CLANG_WARN_UNREACHABLE_CODE = YES;
				CLANG_WARN__DUPLICATE_METHOD_MATCH = YES;
				"CODE_SIGN_IDENTITY[sdk=iphoneos*]" = "iPhone Developer";
				COPY_PHASE_STRIP = NO;
				DEBUG_INFORMATION_FORMAT = "dwarf-with-dsym";
				ENABLE_NS_ASSERTIONS = NO;
				ENABLE_STRICT_OBJC_MSGSEND = YES;
				GCC_C_LANGUAGE_STANDARD = gnu99;
				GCC_NO_COMMON_BLOCKS = YES;
				GCC_WARN_64_TO_32_BIT_CONVERSION = YES;
				GCC_WARN_ABOUT_RETURN_TYPE = YES_ERROR;
				GCC_WARN_UNDECLARED_SELECTOR = YES;
				GCC_WARN_UNINITIALIZED_AUTOS = YES_AGGRESSIVE;
				GCC_WARN_UNUSED_FUNCTION = YES;
				GCC_WARN_UNUSED_VARIABLE = YES;
				IPHONEOS_DEPLOYMENT_TARGET = 8.3;
				MTL_ENABLE_DEBUG_INFO = NO;
				SDKROOT = iphoneos;
				VALIDATE_PRODUCT = YES;
			};
			name = Release;
		};
		6A00B3261ADA0045003860B3 /* Debug */ = {
			isa = XCBuildConfiguration;
			buildSettings = {
				ASSETCATALOG_COMPILER_APPICON_NAME = AppIcon;
				INFOPLIST_FILE = Tipstr/Info.plist;
				LD_RUNPATH_SEARCH_PATHS = "$(inherited) @executable_path/Frameworks";
				PRODUCT_NAME = "$(TARGET_NAME)";
			};
			name = Debug;
		};
		6A00B3271ADA0045003860B3 /* Release */ = {
			isa = XCBuildConfiguration;
			buildSettings = {
				ASSETCATALOG_COMPILER_APPICON_NAME = AppIcon;
				INFOPLIST_FILE = Tipstr/Info.plist;
				LD_RUNPATH_SEARCH_PATHS = "$(inherited) @executable_path/Frameworks";
				PRODUCT_NAME = "$(TARGET_NAME)";
			};
			name = Release;
		};
		6A00B3291ADA0045003860B3 /* Debug */ = {
			isa = XCBuildConfiguration;
			buildSettings = {
				BUNDLE_LOADER = "$(TEST_HOST)";
				FRAMEWORK_SEARCH_PATHS = (
					"$(SDKROOT)/Developer/Library/Frameworks",
					"$(inherited)",
				);
				GCC_PREPROCESSOR_DEFINITIONS = (
					"DEBUG=1",
					"$(inherited)",
				);
				INFOPLIST_FILE = TipstrTests/Info.plist;
				LD_RUNPATH_SEARCH_PATHS = "$(inherited) @executable_path/Frameworks @loader_path/Frameworks";
				PRODUCT_NAME = "$(TARGET_NAME)";
				TEST_HOST = "$(BUILT_PRODUCTS_DIR)/Tipstr.app/Tipstr";
			};
			name = Debug;
		};
		6A00B32A1ADA0045003860B3 /* Release */ = {
			isa = XCBuildConfiguration;
			buildSettings = {
				BUNDLE_LOADER = "$(TEST_HOST)";
				FRAMEWORK_SEARCH_PATHS = (
					"$(SDKROOT)/Developer/Library/Frameworks",
					"$(inherited)",
				);
				INFOPLIST_FILE = TipstrTests/Info.plist;
				LD_RUNPATH_SEARCH_PATHS = "$(inherited) @executable_path/Frameworks @loader_path/Frameworks";
				PRODUCT_NAME = "$(TARGET_NAME)";
				TEST_HOST = "$(BUILT_PRODUCTS_DIR)/Tipstr.app/Tipstr";
			};
			name = Release;
		};
/* End XCBuildConfiguration section */

/* Begin XCConfigurationList section */
		6A00B3011ADA0044003860B3 /* Build configuration list for PBXProject "Tipstr" */ = {
			isa = XCConfigurationList;
			buildConfigurations = (
				6A00B3231ADA0045003860B3 /* Debug */,
				6A00B3241ADA0045003860B3 /* Release */,
			);
			defaultConfigurationIsVisible = 0;
			defaultConfigurationName = Release;
		};
		6A00B3251ADA0045003860B3 /* Build configuration list for PBXNativeTarget "Tipstr" */ = {
			isa = XCConfigurationList;
			buildConfigurations = (
				6A00B3261ADA0045003860B3 /* Debug */,
				6A00B3271ADA0045003860B3 /* Release */,
			);
			defaultConfigurationIsVisible = 0;
		};
		6A00B3281ADA0045003860B3 /* Build configuration list for PBXNativeTarget "TipstrTests" */ = {
			isa = XCConfigurationList;
			buildConfigurations = (
				6A00B3291ADA0045003860B3 /* Debug */,
				6A00B32A1ADA0045003860B3 /* Release */,
			);
			defaultConfigurationIsVisible = 0;
		};
/* End XCConfigurationList section */
	};
	rootObject = 6A00B2FE1ADA0044003860B3 /* Project object */;
}
